
Microsoft Visual Studio Solution File, Format Version 12.00
# Visual Studio 15
VisualStudioVersion = 15.0.28307.572
MinimumVisualStudioVersion = 10.0.40219.1
Project("{FAE04EC0-301F-11D3-BF4B-00C04F79EFBC}") = "Nerds.Library", "Nerds.Library\Nerds.Library.csproj", "{4582904F-3804-4720-8D4B-BD010E1CEB61}"
EndProject
Project("{2150E333-8FDC-42A3-9474-1A3956D46DE8}") = "Solution Items", "Solution Items", "{2EEB7183-416C-4FB5-AD59-6F386EF8E380}"
	ProjectSection(SolutionItems) = preProject
		library-api.pdf = library-api.pdf
		library-api.png = library-api.png
		library-api.puml = library-api.puml
		README.md = README.md
		NerdsCodeAnalysisRuleSet.ruleset = NerdsCodeAnalysisRuleSet.ruleset
	EndProjectSection
EndProject
Global
	GlobalSection(SolutionConfigurationPlatforms) = preSolution
		Debug|Any CPU = Debug|Any CPU
		Release|Any CPU = Release|Any CPU
	EndGlobalSection
	GlobalSection(ProjectConfigurationPlatforms) = postSolution
		{4582904F-3804-4720-8D4B-BD010E1CEB61}.Debug|Any CPU.ActiveCfg = Debug|Any CPU
		{4582904F-3804-4720-8D4B-BD010E1CEB61}.Debug|Any CPU.Build.0 = Debug|Any CPU
		{4582904F-3804-4720-8D4B-BD010E1CEB61}.Release|Any CPU.ActiveCfg = Release|Any CPU
		{4582904F-3804-4720-8D4B-BD010E1CEB61}.Release|Any CPU.Build.0 = Release|Any CPU
	EndGlobalSection
	GlobalSection(SolutionProperties) = preSolution
		HideSolutionNode = FALSE
	EndGlobalSection
	GlobalSection(ExtensibilityGlobals) = postSolution
		SolutionGuid = {28D5F0D9-9489-406E-A2C6-B78CB388F385}
	EndGlobalSection
EndGlobal
